
Microsoft Visual Studio Solution File, Format Version 12.00
# Visual Studio Version 17
VisualStudioVersion = 17.11.35208.52
MinimumVisualStudioVersion = 10.0.40219.1
Project("{FAE04EC0-301F-11D3-BF4B-00C04F79EFBC}") = "Pi3", "Pi3\Pi3.csproj", "{683FD32D-8729-44E7-A7E5-0EDF0B3CBB8F}"
EndProject
Global
	GlobalSection(SolutionConfigurationPlatforms) = preSolution
		Debug|Any CPU = Debug|Any CPU
		Release|Any CPU = Release|Any CPU
	EndGlobalSection
	GlobalSection(ProjectConfigurationPlatforms) = postSolution
		{683FD32D-8729-44E7-A7E5-0EDF0B3CBB8F}.Debug|Any CPU.ActiveCfg = Debug|Any CPU
		{683FD32D-8729-44E7-A7E5-0EDF0B3CBB8F}.Debug|Any CPU.Build.0 = Debug|Any CPU
		{683FD32D-8729-44E7-A7E5-0EDF0B3CBB8F}.Release|Any CPU.ActiveCfg = Release|Any CPU
		{683FD32D-8729-44E7-A7E5-0EDF0B3CBB8F}.Release|Any CPU.Build.0 = Release|Any CPU
	EndGlobalSection
	GlobalSection(SolutionProperties) = preSolution
		HideSolutionNode = FALSE
	EndGlobalSection
	GlobalSection(ExtensibilityGlobals) = postSolution
		SolutionGuid = {C6AC4BC7-C8E7-439D-90AD-DD4CACE88A8A}
	EndGlobalSection
EndGlobal
